
Microsoft Visual Studio Solution File, Format Version 12.00
# Visual Studio Version 16
VisualStudioVersion = 16.0.29519.87
MinimumVisualStudioVersion = 10.0.40219.1
Project("{FAE04EC0-301F-11D3-BF4B-00C04F79EFBC}") = "8", "8.csproj", "{0FDDD3B4-DD52-4309-9EA8-6792E685E672}"
EndProject
Global
	GlobalSection(SolutionConfigurationPlatforms) = preSolution
		Debug|Any CPU = Debug|Any CPU
		Release|Any CPU = Release|Any CPU
	EndGlobalSection
	GlobalSection(ProjectConfigurationPlatforms) = postSolution
		{0FDDD3B4-DD52-4309-9EA8-6792E685E672}.Debug|Any CPU.ActiveCfg = Debug|Any CPU
		{0FDDD3B4-DD52-4309-9EA8-6792E685E672}.Debug|Any CPU.Build.0 = Debug|Any CPU
		{0FDDD3B4-DD52-4309-9EA8-6792E685E672}.Release|Any CPU.ActiveCfg = Release|Any CPU
		{0FDDD3B4-DD52-4309-9EA8-6792E685E672}.Release|Any CPU.Build.0 = Release|Any CPU
	EndGlobalSection
	GlobalSection(SolutionProperties) = preSolution
		HideSolutionNode = FALSE
	EndGlobalSection
	GlobalSection(ExtensibilityGlobals) = postSolution
		SolutionGuid = {EF233204-AADE-4177-A607-8335C95C3B6B}
	EndGlobalSection
EndGlobal
