
Microsoft Visual Studio Solution File, Format Version 12.00
# Visual Studio Version 16
VisualStudioVersion = 16.0.29326.143
MinimumVisualStudioVersion = 10.0.40219.1
Project("{FAE04EC0-301F-11D3-BF4B-00C04F79EFBC}") = "AdventOfCode-4", "AdventOfCode-4.csproj", "{12898FAF-1B64-49B2-8A12-C3CB79D9ADC4}"
EndProject
Global
	GlobalSection(SolutionConfigurationPlatforms) = preSolution
		Debug|Any CPU = Debug|Any CPU
		Release|Any CPU = Release|Any CPU
	EndGlobalSection
	GlobalSection(ProjectConfigurationPlatforms) = postSolution
		{12898FAF-1B64-49B2-8A12-C3CB79D9ADC4}.Debug|Any CPU.ActiveCfg = Debug|Any CPU
		{12898FAF-1B64-49B2-8A12-C3CB79D9ADC4}.Debug|Any CPU.Build.0 = Debug|Any CPU
		{12898FAF-1B64-49B2-8A12-C3CB79D9ADC4}.Release|Any CPU.ActiveCfg = Release|Any CPU
		{12898FAF-1B64-49B2-8A12-C3CB79D9ADC4}.Release|Any CPU.Build.0 = Release|Any CPU
	EndGlobalSection
	GlobalSection(SolutionProperties) = preSolution
		HideSolutionNode = FALSE
	EndGlobalSection
	GlobalSection(ExtensibilityGlobals) = postSolution
		SolutionGuid = {612CD3AD-EDF5-41A9-8383-D0E8DEF42B5E}
	EndGlobalSection
EndGlobal
